
Microsoft Visual Studio Solution File, Format Version 12.00
# Visual Studio 15
VisualStudioVersion = 15.0.28010.2048
MinimumVisualStudioVersion = 10.0.40219.1
Project("{FAE04EC0-301F-11D3-BF4B-00C04F79EFBC}") = "MoDuel", "MoDuel\MoDuel.csproj", "{2583F503-61B9-47DC-B882-90CF82FD6E8C}"
EndProject
Global
	GlobalSection(SolutionConfigurationPlatforms) = preSolution
		Debug|Any CPU = Debug|Any CPU
		Release|Any CPU = Release|Any CPU
	EndGlobalSection
	GlobalSection(ProjectConfigurationPlatforms) = postSolution
		{2583F503-61B9-47DC-B882-90CF82FD6E8C}.Debug|Any CPU.ActiveCfg = Debug|Any CPU
		{2583F503-61B9-47DC-B882-90CF82FD6E8C}.Debug|Any CPU.Build.0 = Debug|Any CPU
		{2583F503-61B9-47DC-B882-90CF82FD6E8C}.Release|Any CPU.ActiveCfg = Release|Any CPU
		{2583F503-61B9-47DC-B882-90CF82FD6E8C}.Release|Any CPU.Build.0 = Release|Any CPU
	EndGlobalSection
	GlobalSection(SolutionProperties) = preSolution
		HideSolutionNode = FALSE
	EndGlobalSection
	GlobalSection(ExtensibilityGlobals) = postSolution
		SolutionGuid = {C93B59A1-4B29-4FB0-BE5A-D0C0D9E7D785}
	EndGlobalSection
EndGlobal
